
Microsoft Visual Studio Solution File, Format Version 12.00
# Visual Studio Version 17
VisualStudioVersion = 17.6.33829.357
MinimumVisualStudioVersion = 10.0.40219.1
Project("{9A19103F-16F7-4668-BE54-9A1E7A4F7556}") = "Controls.UserDialogs.Maui", "Controls.UserDialogs.Maui\Controls.UserDialogs.Maui.csproj", "{81FBF6AA-B631-41EA-B814-36CFA6B3F7C2}"
EndProject
Project("{9A19103F-16F7-4668-BE54-9A1E7A4F7556}") = "Sample", "Sample\Sample.csproj", "{F008472C-C490-4FA8-878F-D810FABDA27C}"
EndProject
Global
	GlobalSection(SolutionConfigurationPlatforms) = preSolution
		Debug|Any CPU = Debug|Any CPU
		Release|Any CPU = Release|Any CPU
	EndGlobalSection
	GlobalSection(ProjectConfigurationPlatforms) = postSolution
		{81FBF6AA-B631-41EA-B814-36CFA6B3F7C2}.Debug|Any CPU.ActiveCfg = Debug|Any CPU
		{81FBF6AA-B631-41EA-B814-36CFA6B3F7C2}.Debug|Any CPU.Build.0 = Debug|Any CPU
		{81FBF6AA-B631-41EA-B814-36CFA6B3F7C2}.Release|Any CPU.ActiveCfg = Release|Any CPU
		{81FBF6AA-B631-41EA-B814-36CFA6B3F7C2}.Release|Any CPU.Build.0 = Release|Any CPU
		{F008472C-C490-4FA8-878F-D810FABDA27C}.Debug|Any CPU.ActiveCfg = Debug|Any CPU
		{F008472C-C490-4FA8-878F-D810FABDA27C}.Debug|Any CPU.Build.0 = Debug|Any CPU
		{F008472C-C490-4FA8-878F-D810FABDA27C}.Debug|Any CPU.Deploy.0 = Debug|Any CPU
		{F008472C-C490-4FA8-878F-D810FABDA27C}.Release|Any CPU.ActiveCfg = Release|Any CPU
		{F008472C-C490-4FA8-878F-D810FABDA27C}.Release|Any CPU.Build.0 = Release|Any CPU
		{F008472C-C490-4FA8-878F-D810FABDA27C}.Release|Any CPU.Deploy.0 = Release|Any CPU
	EndGlobalSection
	GlobalSection(SolutionProperties) = preSolution
		HideSolutionNode = FALSE
	EndGlobalSection
	GlobalSection(ExtensibilityGlobals) = postSolution
		SolutionGuid = {1326FA9E-F7B5-44E3-B086-4061477E0BFC}
	EndGlobalSection
EndGlobal
